// !$*UTF8*$!
{
	archiveVersion = 1;
	classes = {
	};
	objectVersion = 46;
	objects = {

/* Begin PBXBuildFile section */
		7C35DD191F30C6B600D46724 /* AppDelegate.swift in Sources */ = {isa = PBXBuildFile; fileRef = 7C35DD181F30C6B600D46724 /* AppDelegate.swift */; };
		7C35DD1B1F30C6B600D46724 /* RootViewController.swift in Sources */ = {isa = PBXBuildFile; fileRef = 7C35DD1A1F30C6B600D46724 /* RootViewController.swift */; };
		7C35DD1D1F30C6B600D46724 /* DataViewController.swift in Sources */ = {isa = PBXBuildFile; fileRef = 7C35DD1C1F30C6B600D46724 /* DataViewController.swift */; };
		7C35DD1F1F30C6B600D46724 /* ModelController.swift in Sources */ = {isa = PBXBuildFile; fileRef = 7C35DD1E1F30C6B600D46724 /* ModelController.swift */; };
		7C35DD221F30C6B600D46724 /* Main.storyboard in Resources */ = {isa = PBXBuildFile; fileRef = 7C35DD201F30C6B600D46724 /* Main.storyboard */; };
		7C35DD241F30C6B600D46724 /* Assets.xcassets in Resources */ = {isa = PBXBuildFile; fileRef = 7C35DD231F30C6B600D46724 /* Assets.xcassets */; };
		7C35DD271F30C6B600D46724 /* LaunchScreen.storyboard in Resources */ = {isa = PBXBuildFile; fileRef = 7C35DD251F30C6B600D46724 /* LaunchScreen.storyboard */; };
/* End PBXBuildFile section */

/* Begin PBXFileReference section */
		7C35DD151F30C6B600D46724 /* BasicPageVC.app */ = {isa = PBXFileReference; explicitFileType = wrapper.application; includeInIndex = 0; path = BasicPageVC.app; sourceTree = BUILT_PRODUCTS_DIR; };
		7C35DD181F30C6B600D46724 /* AppDelegate.swift */ = {isa = PBXFileReference; lastKnownFileType = sourcecode.swift; path = AppDelegate.swift; sourceTree = "<group>"; };
		7C35DD1A1F30C6B600D46724 /* RootViewController.swift */ = {isa = PBXFileReference; lastKnownFileType = sourcecode.swift; path = RootViewController.swift; sourceTree = "<group>"; };
		7C35DD1C1F30C6B600D46724 /* DataViewController.swift */ = {isa = PBXFileReference; lastKnownFileType = sourcecode.swift; path = DataViewController.swift; sourceTree = "<group>"; };
		7C35DD1E1F30C6B600D46724 /* ModelController.swift */ = {isa = PBXFileReference; lastKnownFileType = sourcecode.swift; path = ModelController.swift; sourceTree = "<group>"; };
		7C35DD211F30C6B600D46724 /* Base */ = {isa = PBXFileReference; lastKnownFileType = file.storyboard; name = Base; path = Base.lproj/Main.storyboard; sourceTree = "<group>"; };
		7C35DD231F30C6B600D46724 /* Assets.xcassets */ = {isa = PBXFileReference; lastKnownFileType = folder.assetcatalog; path = Assets.xcassets; sourceTree = "<group>"; };
		7C35DD261F30C6B600D46724 /* Base */ = {isa = PBXFileReference; lastKnownFileType = file.storyboard; name = Base; path = Base.lproj/LaunchScreen.storyboard; sourceTree = "<group>"; };
		7C35DD281F30C6B600D46724 /* Info.plist */ = {isa = PBXFileReference; lastKnownFileType = text.plist.xml; path = Info.plist; sourceTree = "<group>"; };
/* End PBXFileReference section */

/* Begin PBXFrameworksBuildPhase section */
		7C35DD121F30C6B600D46724 /* Frameworks */ = {
			isa = PBXFrameworksBuildPhase;
			buildActionMask = 2147483647;
			files = (
			);
			runOnlyForDeploymentPostprocessing = 0;
		};
/* End PBXFrameworksBuildPhase section */

/* Begin PBXGroup section */
		7C35DD0C1F30C6B600D46724 = {
			isa = PBXGroup;
			children = (
				7C35DD171F30C6B600D46724 /* BasicPageVC */,
				7C35DD161F30C6B600D46724 /* Products */,
			);
			sourceTree = "<group>";
		};
		7C35DD161F30C6B600D46724 /* Products */ = {
			isa = PBXGroup;
			children = (
				7C35DD151F30C6B600D46724 /* BasicPageVC.app */,
			);
			name = Products;
			sourceTree = "<group>";
		};
		7C35DD171F30C6B600D46724 /* BasicPageVC */ = {
			isa = PBXGroup;
			children = (
				7C35DD181F30C6B600D46724 /* AppDelegate.swift */,
				7C35DD1A1F30C6B600D46724 /* RootViewController.swift */,
				7C35DD1C1F30C6B600D46724 /* DataViewController.swift */,
				7C35DD1E1F30C6B600D46724 /* ModelController.swift */,
				7C35DD201F30C6B600D46724 /* Main.storyboard */,
				7C35DD231F30C6B600D46724 /* Assets.xcassets */,
				7C35DD251F30C6B600D46724 /* LaunchScreen.storyboard */,
				7C35DD281F30C6B600D46724 /* Info.plist */,
			);
			path = BasicPageVC;
			sourceTree = "<group>";
		};
/* End PBXGroup section */

/* Begin PBXNativeTarget section */
		7C35DD141F30C6B600D46724 /* BasicPageVC */ = {
			isa = PBXNativeTarget;
			buildConfigurationList = 7C35DD2B1F30C6B600D46724 /* Build configuration list for PBXNativeTarget "BasicPageVC" */;
			buildPhases = (
				7C35DD111F30C6B600D46724 /* Sources */,
				7C35DD121F30C6B600D46724 /* Frameworks */,
				7C35DD131F30C6B600D46724 /* Resources */,
			);
			buildRules = (
			);
			dependencies = (
			);
			name = BasicPageVC;
			productName = BasicPageVC;
			productReference = 7C35DD151F30C6B600D46724 /* BasicPageVC.app */;
			productType = "com.apple.product-type.application";
		};
/* End PBXNativeTarget section */

/* Begin PBXProject section */
		7C35DD0D1F30C6B600D46724 /* Project object */ = {
			isa = PBXProject;
			attributes = {
				LastSwiftUpdateCheck = 0820;
				LastUpgradeCheck = 0820;
				ORGANIZATIONNAME = DonMag;
				TargetAttributes = {
					7C35DD141F30C6B600D46724 = {
						CreatedOnToolsVersion = 8.2.1;
						ProvisioningStyle = Automatic;
					};
				};
			};
			buildConfigurationList = 7C35DD101F30C6B600D46724 /* Build configuration list for PBXProject "BasicPageVC" */;
			compatibilityVersion = "Xcode 3.2";
			developmentRegion = English;
			hasScannedForEncodings = 0;
			knownRegions = (
				en,
				Base,
			);
			mainGroup = 7C35DD0C1F30C6B600D46724;
			productRefGroup = 7C35DD161F30C6B600D46724 /* Products */;
			projectDirPath = "";
			projectRoot = "";
			targets = (
				7C35DD141F30C6B600D46724 /* BasicPageVC */,
			);
		};
/* End PBXProject section */

/* Begin PBXResourcesBuildPhase section */
		7C35DD131F30C6B600D46724 /* Resources */ = {
			isa = PBXResourcesBuildPhase;
			buildActionMask = 2147483647;
			files = (
				7C35DD271F30C6B600D46724 /* LaunchScreen.storyboard in Resources */,
				7C35DD241F30C6B600D46724 /* Assets.xcassets in Resources */,
				7C35DD221F30C6B600D46724 /* Main.storyboard in Resources */,
			);
			runOnlyForDeploymentPostprocessing = 0;
		};
/* End PBXResourcesBuildPhase section */

/* Begin PBXSourcesBuildPhase section */
		7C35DD111F30C6B600D46724 /* Sources */ = {
			isa = PBXSourcesBuildPhase;
			buildActionMask = 2147483647;
			files = (
				7C35DD1B1F30C6B600D46724 /* RootViewController.swift in Sources */,
				7C35DD1F1F30C6B600D46724 /* ModelController.swift in Sources */,
				7C35DD1D1F30C6B600D46724 /* DataViewController.swift in Sources */,
				7C35DD191F30C6B600D46724 /* AppDelegate.swift in Sources */,
			);
			runOnlyForDeploymentPostprocessing = 0;
		};
/* End PBXSourcesBuildPhase section */

/* Begin PBXVariantGroup section */
		7C35DD201F30C6B600D46724 /* Main.storyboard */ = {
			isa = PBXVariantGroup;
			children = (
				7C35DD211F30C6B600D46724 /* Base */,
			);
			name = Main.storyboard;
			sourceTree = "<group>";
		};
		7C35DD251F30C6B600D46724 /* LaunchScreen.storyboard */ = {
			isa = PBXVariantGroup;
			children = (
				7C35DD261F30C6B600D46724 /* Base */,
			);
			name = LaunchScreen.storyboard;
			sourceTree = "<group>";
		};
/* End PBXVariantGroup section */

/* Begin XCBuildConfiguration section */
		7C35DD291F30C6B600D46724 /* Debug */ = {
			isa = XCBuildConfiguration;
			buildSettings = {
				ALWAYS_SEARCH_USER_PATHS = NO;
				CLANG_ANALYZER_NONNULL = YES;
				CLANG_CXX_LANGUAGE_STANDARD = "gnu++0x";
				CLANG_CXX_LIBRARY = "libc++";
				CLANG_ENABLE_MODULES = YES;
				CLANG_ENABLE_OBJC_ARC = YES;
				CLANG_WARN_BOOL_CONVERSION = YES;
				CLANG_WARN_CONSTANT_CONVERSION = YES;
				CLANG_WARN_DIRECT_OBJC_ISA_USAGE = YES_ERROR;
				CLANG_WARN_DOCUMENTATION_COMMENTS = YES;
				CLANG_WARN_EMPTY_BODY = YES;
				CLANG_WARN_ENUM_CONVERSION = YES;
				CLANG_WARN_INFINITE_RECURSION = YES;
				CLANG_WARN_INT_CONVERSION = YES;
				CLANG_WARN_OBJC_ROOT_CLASS = YES_ERROR;
				CLANG_WARN_SUSPICIOUS_MOVE = YES;
				CLANG_WARN_UNREACHABLE_CODE = YES;
				CLANG_WARN__DUPLICATE_METHOD_MATCH = YES;
				"CODE_SIGN_IDENTITY[sdk=iphoneos*]" = "iPhone Developer";
				COPY_PHASE_STRIP = NO;
				DEBUG_INFORMATION_FORMAT = dwarf;
				ENABLE_STRICT_OBJC_MSGSEND = YES;
				ENABLE_TESTABILITY = YES;
				GCC_C_LANGUAGE_STANDARD = gnu99;
				GCC_DYNAMIC_NO_PIC = NO;
				GCC_NO_COMMON_BLOCKS = YES;
				GCC_OPTIMIZATION_LEVEL = 0;
				GCC_PREPROCESSOR_DEFINITIONS = (
					"DEBUG=1",
					"$(inherited)",
				);
				GCC_WARN_64_TO_32_BIT_CONVERSION = YES;
				GCC_WARN_ABOUT_RETURN_TYPE = YES_ERROR;
				GCC_WARN_UNDECLARED_SELECTOR = YES;
				GCC_WARN_UNINITIALIZED_AUTOS = YES_AGGRESSIVE;
				GCC_WARN_UNUSED_FUNCTION = YES;
				GCC_WARN_UNUSED_VARIABLE = YES;
				IPHONEOS_DEPLOYMENT_TARGET = 10.2;
				MTL_ENABLE_DEBUG_INFO = YES;
				ONLY_ACTIVE_ARCH = YES;
				SDKROOT = iphoneos;
				SWIFT_ACTIVE_COMPILATION_CONDITIONS = DEBUG;
				SWIFT_OPTIMIZATION_LEVEL = "-Onone";
				TARGETED_DEVICE_FAMILY = "1,2";
			};
			name = Debug;
		};
		7C35DD2A1F30C6B600D46724 /* Release */ = {
			isa = XCBuildConfiguration;
			buildSettings = {
				ALWAYS_SEARCH_USER_PATHS = NO;
				CLANG_ANALYZER_NONNULL = YES;
				CLANG_CXX_LANGUAGE_STANDARD = "gnu++0x";
				CLANG_CXX_LIBRARY = "libc++";
				CLANG_ENABLE_MODULES = YES;
				CLANG_ENABLE_OBJC_ARC = YES;
				CLANG_WARN_BOOL_CONVERSION = YES;
				CLANG_WARN_CONSTANT_CONVERSION = YES;
				CLANG_WARN_DIRECT_OBJC_ISA_USAGE = YES_ERROR;
				CLANG_WARN_DOCUMENTATION_COMMENTS = YES;
				CLANG_WARN_EMPTY_BODY = YES;
				CLANG_WARN_ENUM_CONVERSION = YES;
				CLANG_WARN_INFINITE_RECURSION = YES;
				CLANG_WARN_INT_CONVERSION = YES;
				CLANG_WARN_OBJC_ROOT_CLASS = YES_ERROR;
				CLANG_WARN_SUSPICIOUS_MOVE = YES;
				CLANG_WARN_UNREACHABLE_CODE = YES;
				CLANG_WARN__DUPLICATE_METHOD_MATCH = YES;
				"CODE_SIGN_IDENTITY[sdk=iphoneos*]" = "iPhone Developer";
				COPY_PHASE_STRIP = NO;
				DEBUG_INFORMATION_FORMAT = "dwarf-with-dsym";
				ENABLE_NS_ASSERTIONS = NO;
				ENABLE_STRICT_OBJC_MSGSEND = YES;
				GCC_C_LANGUAGE_STANDARD = gnu99;
				GCC_NO_COMMON_BLOCKS = YES;
				GCC_WARN_64_TO_32_BIT_CONVERSION = YES;
				GCC_WARN_ABOUT_RETURN_TYPE = YES_ERROR;
				GCC_WARN_UNDECLARED_SELECTOR = YES;
				GCC_WARN_UNINITIALIZED_AUTOS = YES_AGGRESSIVE;
				GCC_WARN_UNUSED_FUNCTION = YES;
				GCC_WARN_UNUSED_VARIABLE = YES;
				IPHONEOS_DEPLOYMENT_TARGET = 10.2;
				MTL_ENABLE_DEBUG_INFO = NO;
				SDKROOT = iphoneos;
				SWIFT_OPTIMIZATION_LEVEL = "-Owholemodule";
				TARGETED_DEVICE_FAMILY = "1,2";
				VALIDATE_PRODUCT = YES;
			};
			name = Release;
		};
		7C35DD2C1F30C6B600D46724 /* Debug */ = {
			isa = XCBuildConfiguration;
			buildSettings = {
				ASSETCATALOG_COMPILER_APPICON_NAME = AppIcon;
				INFOPLIST_FILE = BasicPageVC/Info.plist;
				LD_RUNPATH_SEARCH_PATHS = "$(inherited) @executable_path/Frameworks";
				PRODUCT_BUNDLE_IDENTIFIER = com.DonMag.BasicPageVC;
				PRODUCT_NAME = "$(TARGET_NAME)";
				SWIFT_VERSION = 3.0;
			};
			name = Debug;
		};
		7C35DD2D1F30C6B600D46724 /* Release */ = {
			isa = XCBuildConfiguration;
			buildSettings = {
				ASSETCATALOG_COMPILER_APPICON_NAME = AppIcon;
				INFOPLIST_FILE = BasicPageVC/Info.plist;
				LD_RUNPATH_SEARCH_PATHS = "$(inherited) @executable_path/Frameworks";
				PRODUCT_BUNDLE_IDENTIFIER = com.DonMag.BasicPageVC;
				PRODUCT_NAME = "$(TARGET_NAME)";
				SWIFT_VERSION = 3.0;
			};
			name = Release;
		};
/* End XCBuildConfiguration section */

/* Begin XCConfigurationList section */
		7C35DD101F30C6B600D46724 /* Build configuration list for PBXProject "BasicPageVC" */ = {
			isa = XCConfigurationList;
			buildConfigurations = (
				7C35DD291F30C6B600D46724 /* Debug */,
				7C35DD2A1F30C6B600D46724 /* Release */,
			);
			defaultConfigurationIsVisible = 0;
			defaultConfigurationName = Release;
		};
		7C35DD2B1F30C6B600D46724 /* Build configuration list for PBXNativeTarget "BasicPageVC" */ = {
			isa = XCConfigurationList;
			buildConfigurations = (
				7C35DD2C1F30C6B600D46724 /* Debug */,
				7C35DD2D1F30C6B600D46724 /* Release */,
			);
			defaultConfigurationIsVisible = 0;
		};
/* End XCConfigurationList section */
	};
	rootObject = 7C35DD0D1F30C6B600D46724 /* Project object */;
}
